
Microsoft Visual Studio Solution File, Format Version 12.00
# Visual Studio Version 16
VisualStudioVersion = 16.0.29326.143
MinimumVisualStudioVersion = 10.0.40219.1
Project("{FAE04EC0-301F-11D3-BF4B-00C04F79EFBC}") = "PracticeAdvanceCS", "PracticeAdvanceCS.csproj", "{7F259CD9-8EF6-44AC-8B19-46531ECF44DB}"
EndProject
Global
	GlobalSection(SolutionConfigurationPlatforms) = preSolution
		Debug|Any CPU = Debug|Any CPU
		Release|Any CPU = Release|Any CPU
	EndGlobalSection
	GlobalSection(ProjectConfigurationPlatforms) = postSolution
		{7F259CD9-8EF6-44AC-8B19-46531ECF44DB}.Debug|Any CPU.ActiveCfg = Debug|Any CPU
		{7F259CD9-8EF6-44AC-8B19-46531ECF44DB}.Debug|Any CPU.Build.0 = Debug|Any CPU
		{7F259CD9-8EF6-44AC-8B19-46531ECF44DB}.Release|Any CPU.ActiveCfg = Release|Any CPU
		{7F259CD9-8EF6-44AC-8B19-46531ECF44DB}.Release|Any CPU.Build.0 = Release|Any CPU
	EndGlobalSection
	GlobalSection(SolutionProperties) = preSolution
		HideSolutionNode = FALSE
	EndGlobalSection
	GlobalSection(ExtensibilityGlobals) = postSolution
		SolutionGuid = {FD490736-6081-48D2-8ED5-7A857EF74D5D}
	EndGlobalSection
EndGlobal
